
Microsoft Visual Studio Solution File, Format Version 12.00
# Visual Studio Version 17
VisualStudioVersion = 17.13.35825.156
MinimumVisualStudioVersion = 10.0.40219.1
Project("{54A90642-561A-4BB1-A94E-469ADEE60C69}") = "goatpos.client", "GoatPos\goatpos.client\goatpos.client.esproj", "{59FABCE3-BC08-5C62-AC01-C2653A49DC81}"
EndProject
Project("{FAE04EC0-301F-11D3-BF4B-00C04F79EFBC}") = "GoatPos.Server", "GoatPos\GoatPos.Server\GoatPos.Server.csproj", "{46656928-5F4E-4926-8BC1-FC673C4B811F}"
EndProject
Global
	GlobalSection(SolutionConfigurationPlatforms) = preSolution
		Debug|Any CPU = Debug|Any CPU
		Release|Any CPU = Release|Any CPU
	EndGlobalSection
	GlobalSection(ProjectConfigurationPlatforms) = postSolution
		{59FABCE3-BC08-5C62-AC01-C2653A49DC81}.Debug|Any CPU.ActiveCfg = Debug|Any CPU
		{59FABCE3-BC08-5C62-AC01-C2653A49DC81}.Debug|Any CPU.Build.0 = Debug|Any CPU
		{59FABCE3-BC08-5C62-AC01-C2653A49DC81}.Debug|Any CPU.Deploy.0 = Debug|Any CPU
		{59FABCE3-BC08-5C62-AC01-C2653A49DC81}.Release|Any CPU.ActiveCfg = Release|Any CPU
		{59FABCE3-BC08-5C62-AC01-C2653A49DC81}.Release|Any CPU.Build.0 = Release|Any CPU
		{59FABCE3-BC08-5C62-AC01-C2653A49DC81}.Release|Any CPU.Deploy.0 = Release|Any CPU
		{46656928-5F4E-4926-8BC1-FC673C4B811F}.Debug|Any CPU.ActiveCfg = Debug|Any CPU
		{46656928-5F4E-4926-8BC1-FC673C4B811F}.Debug|Any CPU.Build.0 = Debug|Any CPU
		{46656928-5F4E-4926-8BC1-FC673C4B811F}.Release|Any CPU.ActiveCfg = Release|Any CPU
		{46656928-5F4E-4926-8BC1-FC673C4B811F}.Release|Any CPU.Build.0 = Release|Any CPU
	EndGlobalSection
	GlobalSection(SolutionProperties) = preSolution
		HideSolutionNode = FALSE
	EndGlobalSection
	GlobalSection(ExtensibilityGlobals) = postSolution
		SolutionGuid = {A6BC9769-28DA-42B4-BD65-847E765FD1BC}
	EndGlobalSection
EndGlobal
